
Microsoft Visual Studio Solution File, Format Version 12.00
# Visual Studio 14
VisualStudioVersion = 14.0.25420.1
MinimumVisualStudioVersion = 10.0.40219.1
Project("{FAE04EC0-301F-11D3-BF4B-00C04F79EFBC}") = "FindDigitsInRawTextData", "FindDigitsInRawTextData\FindDigitsInRawTextData.csproj", "{B7C7B747-B25C-4009-B22E-C53BA6C0EE02}"
EndProject
Project("{FAE04EC0-301F-11D3-BF4B-00C04F79EFBC}") = "FindDigitsInRawTextDataUnitTestProject", "FindDigitsInRawTextDataUnitTestProject\FindDigitsInRawTextDataUnitTestProject.csproj", "{210EB78E-7520-4CEB-910C-792B74336F2C}"
EndProject
Global
	GlobalSection(SolutionConfigurationPlatforms) = preSolution
		Debug|Any CPU = Debug|Any CPU
		Release|Any CPU = Release|Any CPU
	EndGlobalSection
	GlobalSection(ProjectConfigurationPlatforms) = postSolution
		{B7C7B747-B25C-4009-B22E-C53BA6C0EE02}.Debug|Any CPU.ActiveCfg = Debug|Any CPU
		{B7C7B747-B25C-4009-B22E-C53BA6C0EE02}.Debug|Any CPU.Build.0 = Debug|Any CPU
		{B7C7B747-B25C-4009-B22E-C53BA6C0EE02}.Release|Any CPU.ActiveCfg = Release|Any CPU
		{B7C7B747-B25C-4009-B22E-C53BA6C0EE02}.Release|Any CPU.Build.0 = Release|Any CPU
		{210EB78E-7520-4CEB-910C-792B74336F2C}.Debug|Any CPU.ActiveCfg = Debug|Any CPU
		{210EB78E-7520-4CEB-910C-792B74336F2C}.Debug|Any CPU.Build.0 = Debug|Any CPU
		{210EB78E-7520-4CEB-910C-792B74336F2C}.Release|Any CPU.ActiveCfg = Release|Any CPU
		{210EB78E-7520-4CEB-910C-792B74336F2C}.Release|Any CPU.Build.0 = Release|Any CPU
	EndGlobalSection
	GlobalSection(SolutionProperties) = preSolution
		HideSolutionNode = FALSE
	EndGlobalSection
EndGlobal
